{
  "name": "talking-agent",
  "lockfileVersion": 3,
  "requires": true,
  "packages": {
    "": {
      "name": "talking-agent",
      "workspaces": [
        "apps/*",
        "packages/*"
      ],
      "engines": {
        "node": ">=20"
      }
    },
    "apps/avatar-puppet-lab": {
      "name": "@talking-agent/avatar-puppet-lab"
    },
    "apps/meeting-link-probe": {
      "name": "@talking-agent/meeting-link-probe",
      "dependencies": {
        "livekit-client": "^2.18.6"
      }
    },
    "apps/one-to-one-agent-room": {
      "name": "@talking-agent/one-to-one-agent-room"
    },
    "apps/voice-loop-lab": {
      "name": "@talking-agent/voice-loop-lab"
    },
    "packages/agent-room-bridge": {
      "name": "@talking-agent/agent-room-bridge"
    },
    "packages/avatar-layer-browser": {
      "name": "@talking-agent/avatar-layer-browser",
      "dependencies": {
        "@pixiv/three-vrm": "^3.5.2",
        "three": "^0.184.0"
      }
    },
    "packages/avatar-speech-browser": {
      "name": "@talking-agent/avatar-speech-browser"
    },
    "packages/room-layer": {
      "name": "@talking-agent/room-layer"
    },
    "packages/voice-layer-browser": {
      "name": "@talking-agent/voice-layer-browser"
    },
    "node_modules/@bufbuild/protobuf": {
      "version": "1.10.1",
      "resolved": "https://registry.npmjs.org/@bufbuild/protobuf/-/protobuf-1.10.1.tgz",
      "integrity": "sha512-wJ8ReQbHxsAfXhrf9ixl0aYbZorRuOWpBNzm8pL8ftmSxQx/wnJD5Eg861NwJU/czy2VXFIebCeZnZrI9rktIQ==",
      "license": "(Apache-2.0 AND BSD-3-Clause)"
    },
    "node_modules/@livekit/mutex": {
      "version": "1.1.1",
      "resolved": "https://registry.npmjs.org/@livekit/mutex/-/mutex-1.1.1.tgz",
      "integrity": "sha512-EsshAucklmpuUAfkABPxJNhzj9v2sG7JuzFDL4ML1oJQSV14sqrpTYnsaOudMAw9yOaW53NU3QQTlUQoRs4czw==",
      "license": "Apache-2.0"
    },
    "node_modules/@livekit/protocol": {
      "version": "1.45.3",
      "resolved": "https://registry.npmjs.org/@livekit/protocol/-/protocol-1.45.3.tgz",
      "integrity": "sha512-WmMxBTsy4dRBqcrswFwUUlgq3Z0nnhOqKR6tX749Rb/PcB1yBMUtrHxZvcsS6qi3/5+86zHeVG+exmu1sZqfJg==",
      "license": "Apache-2.0",
      "dependencies": {
        "@bufbuild/protobuf": "^1.10.0"
      }
    },
    "node_modules/@pixiv/three-vrm": {
      "version": "3.5.2",
      "resolved": "https://registry.npmjs.org/@pixiv/three-vrm/-/three-vrm-3.5.2.tgz",
      "integrity": "sha512-YC3T8WZvb18n1uzYS60I9WCc2kOJxWZ/Q0RfklFAg0nD3Dz/kvvEoCYfZj5idnJqOtbLUXZGXZF1KCXKUB2qHg==",
      "license": "MIT",
      "dependencies": {
        "@pixiv/three-vrm-core": "3.5.2",
        "@pixiv/three-vrm-materials-hdr-emissive-multiplier": "3.5.2",
        "@pixiv/three-vrm-materials-mtoon": "3.5.2",
        "@pixiv/three-vrm-materials-v0compat": "3.5.2",
        "@pixiv/three-vrm-node-constraint": "3.5.2",
        "@pixiv/three-vrm-springbone": "3.5.2"
      },
      "peerDependencies": {
        "three": ">=0.137"
      }
    },
    "node_modules/@pixiv/three-vrm-core": {
      "version": "3.5.2",
      "resolved": "https://registry.npmjs.org/@pixiv/three-vrm-core/-/three-vrm-core-3.5.2.tgz",
      "integrity": "sha512-QFpkCvsD5VMApNyIqFEw1lxSKFCM5X8+715FsfsAOx5mLh2LP0E0pDmqpDjfau/kAkDpWquGwzzHmXdAYjc8mQ==",
      "license": "MIT",
      "dependencies": {
        "@pixiv/types-vrm-0.0": "3.5.2",
        "@pixiv/types-vrmc-vrm-1.0": "3.5.2"
      },
      "peerDependencies": {
        "three": ">=0.137"
      }
    },
    "node_modules/@pixiv/three-vrm-materials-hdr-emissive-multiplier": {
      "version": "3.5.2",
      "resolved": "https://registry.npmjs.org/@pixiv/three-vrm-materials-hdr-emissive-multiplier/-/three-vrm-materials-hdr-emissive-multiplier-3.5.2.tgz",
      "integrity": "sha512-XJk6l/kexWeYpZmQu0h6VBXPsx4IV2uCN/9EPSJV8usspmP8CcMOsWx/5ESW4DKvGFufbiFZ5J6SGECJOTXTYg==",
      "license": "MIT",
      "dependencies": {
        "@pixiv/types-vrmc-materials-hdr-emissive-multiplier-1.0": "3.5.2"
      },
      "peerDependencies": {
        "three": ">=0.137"
      }
    },
    "node_modules/@pixiv/three-vrm-materials-mtoon": {
      "version": "3.5.2",
      "resolved": "https://registry.npmjs.org/@pixiv/three-vrm-materials-mtoon/-/three-vrm-materials-mtoon-3.5.2.tgz",
      "integrity": "sha512-P0oobZJ+JrMae7jdGgHqQqcoHpp3WYXq5blyCMybfsgxh9KtDzJ2NpBXf57LQlkN0cD6iT0R299tAqfH/1Uqcg==",
      "license": "MIT",
      "dependencies": {
        "@pixiv/types-vrm-0.0": "3.5.2",
        "@pixiv/types-vrmc-materials-mtoon-1.0": "3.5.2"
      },
      "peerDependencies": {
        "three": ">=0.137"
      }
    },
    "node_modules/@pixiv/three-vrm-materials-v0compat": {
      "version": "3.5.2",
      "resolved": "https://registry.npmjs.org/@pixiv/three-vrm-materials-v0compat/-/three-vrm-materials-v0compat-3.5.2.tgz",
      "integrity": "sha512-KuAq0ewDGqDKP8lmLAFrhpwRhYnUhnck6HqjO90XJM1b6HgoqyZK2CNOfTsgJQMJgp7sXF6J0EhjCkBiXTNvGA==",
      "license": "MIT",
      "dependencies": {
        "@pixiv/types-vrm-0.0": "3.5.2",
        "@pixiv/types-vrmc-materials-mtoon-1.0": "3.5.2"
      },
      "peerDependencies": {
        "three": ">=0.137"
      }
    },
    "node_modules/@pixiv/three-vrm-node-constraint": {
      "version": "3.5.2",
      "resolved": "https://registry.npmjs.org/@pixiv/three-vrm-node-constraint/-/three-vrm-node-constraint-3.5.2.tgz",
      "integrity": "sha512-jUBL6XkgTKhf/YgkDILHYAjOlN4n1Oz2dSSSvIfbJ0RVDah9jACm2775ZTult9ADgWmyvBsJQUr5u8JWOMLOKg==",
      "license": "MIT",
      "dependencies": {
        "@pixiv/types-vrmc-node-constraint-1.0": "3.5.2"
      },
      "peerDependencies": {
        "three": ">=0.137"
      }
    },
    "node_modules/@pixiv/three-vrm-springbone": {
      "version": "3.5.2",
      "resolved": "https://registry.npmjs.org/@pixiv/three-vrm-springbone/-/three-vrm-springbone-3.5.2.tgz",
      "integrity": "sha512-+V3ok2W93f7U4wTcclgZxwz3hKe78DjStl1lCBsORKTo21tLMHyeHoNDQCJ8i1bvjLrr4QLfGYH/oBbVNPxvWQ==",
      "license": "MIT",
      "dependencies": {
        "@pixiv/types-vrm-0.0": "3.5.2",
        "@pixiv/types-vrmc-springbone-1.0": "3.5.2",
        "@pixiv/types-vrmc-springbone-extended-collider-1.0": "3.5.2"
      },
      "peerDependencies": {
        "three": ">=0.137"
      }
    },
    "node_modules/@pixiv/types-vrm-0.0": {
      "version": "3.5.2",
      "resolved": "https://registry.npmjs.org/@pixiv/types-vrm-0.0/-/types-vrm-0.0-3.5.2.tgz",
      "integrity": "sha512-H+aiDQqezc1plVJFyvxK4/gfFtpKlK9WghumHGm+dnsRoROLmUZw6sQoHmpd9UoXI2hu1UHiIyyJLHP/MMaWhQ==",
      "license": "MIT"
    },
    "node_modules/@pixiv/types-vrmc-materials-hdr-emissive-multiplier-1.0": {
      "version": "3.5.2",
      "resolved": "https://registry.npmjs.org/@pixiv/types-vrmc-materials-hdr-emissive-multiplier-1.0/-/types-vrmc-materials-hdr-emissive-multiplier-1.0-3.5.2.tgz",
      "integrity": "sha512-dv8oJ8uFRsGqLUtV75Dovmg3lbTbu5oi5s+P/5+oPy7LCs/JsJtSDXCycDwQBYtrie797VMHp4b7G8TvGCP+gQ==",
      "license": "MIT"
    },
    "node_modules/@pixiv/types-vrmc-materials-mtoon-1.0": {
      "version": "3.5.2",
      "resolved": "https://registry.npmjs.org/@pixiv/types-vrmc-materials-mtoon-1.0/-/types-vrmc-materials-mtoon-1.0-3.5.2.tgz",
      "integrity": "sha512-dXC9vphdKDKQNpPpj61l+nveQK/soYFpfFqr74hKo/7BaYm5B6nZ6uImQYPCD7U2WICUF91lBoRYKD9ONTPHmQ==",
      "license": "MIT"
    },
    "node_modules/@pixiv/types-vrmc-node-constraint-1.0": {
      "version": "3.5.2",
      "resolved": "https://registry.npmjs.org/@pixiv/types-vrmc-node-constraint-1.0/-/types-vrmc-node-constraint-1.0-3.5.2.tgz",
      "integrity": "sha512-4swBTE/FgQlpfOPnnFQFD7GF/XiNB883prIr2KOhAqru0VjOyiYDQPIZTwynKtBFCIjUxp9DW4YQzR6ETqhQmw==",
      "license": "MIT"
    },
    "node_modules/@pixiv/types-vrmc-springbone-1.0": {
      "version": "3.5.2",
      "resolved": "https://registry.npmjs.org/@pixiv/types-vrmc-springbone-1.0/-/types-vrmc-springbone-1.0-3.5.2.tgz",
      "integrity": "sha512-Au+nszNPbOuaCdaymOQ5jXFknWb5Md7xjCzoP9aPAHeh1uRKHccR1MErtzuRit/9L6mNhW1OneXet9+Ple5GmQ==",
      "license": "MIT"
    },
    "node_modules/@pixiv/types-vrmc-springbone-extended-collider-1.0": {
      "version": "3.5.2",
      "resolved": "https://registry.npmjs.org/@pixiv/types-vrmc-springbone-extended-collider-1.0/-/types-vrmc-springbone-extended-collider-1.0-3.5.2.tgz",
      "integrity": "sha512-W1CeeAwm6ybiWHrQcqOFOvcO/9LKzLA2fA0wBT30BCwvQFLIwo77mU91N88+TcEeXdH+RxVil/oEdVH7aFZ6nw==",
      "license": "MIT"
    },
    "node_modules/@pixiv/types-vrmc-vrm-1.0": {
      "version": "3.5.2",
      "resolved": "https://registry.npmjs.org/@pixiv/types-vrmc-vrm-1.0/-/types-vrmc-vrm-1.0-3.5.2.tgz",
      "integrity": "sha512-kgvRCJc9J0ruaVIxC5R9x4ZYNpM1bxs7vSMcl4SYPi2+baolHvXQiH0kFaN61+rFleld+sOOjDHtE98egY2dxQ==",
      "license": "MIT"
    },
    "node_modules/@talking-agent/avatar-layer-browser": {
      "resolved": "packages/avatar-layer-browser",
      "link": true
    },
    "node_modules/@talking-agent/avatar-puppet-lab": {
      "resolved": "apps/avatar-puppet-lab",
      "link": true
    },
    "node_modules/@talking-agent/meeting-link-probe": {
      "resolved": "apps/meeting-link-probe",
      "link": true
    },
    "node_modules/@talking-agent/room-layer": {
      "resolved": "packages/room-layer",
      "link": true
    },
    "node_modules/@talking-agent/voice-layer-browser": {
      "resolved": "packages/voice-layer-browser",
      "link": true
    },
    "node_modules/@talking-agent/voice-loop-lab": {
      "resolved": "apps/voice-loop-lab",
      "link": true
    },
    "node_modules/@types/dom-mediacapture-record": {
      "version": "1.0.22",
      "resolved": "https://registry.npmjs.org/@types/dom-mediacapture-record/-/dom-mediacapture-record-1.0.22.tgz",
      "integrity": "sha512-mUMZLK3NvwRLcAAT9qmcK+9p7tpU2FHdDsntR3YI4+GY88XrgG4XiE7u1Q2LAN2/FZOz/tdMDC3GQCR4T8nFuw==",
      "license": "MIT",
      "peer": true
    },
    "node_modules/events": {
      "version": "3.3.0",
      "resolved": "https://registry.npmjs.org/events/-/events-3.3.0.tgz",
      "integrity": "sha512-mQw+2fkQbALzQ7V0MY0IqdnXNOeTtP4r0lN9z7AAawCXgqea7bDii20AYrIBrFd/Hx0M2Ocz6S111CaFkUcb0Q==",
      "license": "MIT",
      "engines": {
        "node": ">=0.8.x"
      }
    },
    "node_modules/jose": {
      "version": "6.2.2",
      "resolved": "https://registry.npmjs.org/jose/-/jose-6.2.2.tgz",
      "integrity": "sha512-d7kPDd34KO/YnzaDOlikGpOurfF0ByC2sEV4cANCtdqLlTfBlw2p14O/5d/zv40gJPbIQxfES3nSx1/oYNyuZQ==",
      "license": "MIT",
      "funding": {
        "url": "https://github.com/sponsors/panva"
      }
    },
    "node_modules/livekit-client": {
      "version": "2.18.6",
      "resolved": "https://registry.npmjs.org/livekit-client/-/livekit-client-2.18.6.tgz",
      "integrity": "sha512-JTOSWkRrFC9KayPvasbnXpAmt+J/ILk5c8f3xUmjqazZk7j9QTyj0qhDHIgdyy/5KFqjqaRmtPu/InMB+WlkPA==",
      "license": "Apache-2.0",
      "dependencies": {
        "@livekit/mutex": "1.1.1",
        "@livekit/protocol": "1.45.3",
        "events": "^3.3.0",
        "jose": "^6.1.0",
        "loglevel": "^1.9.2",
        "sdp-transform": "^2.15.0",
        "tslib": "2.8.1",
        "typed-emitter": "^2.1.0",
        "webrtc-adapter": "9.0.5"
      },
      "peerDependencies": {
        "@types/dom-mediacapture-record": "^1"
      }
    },
    "node_modules/loglevel": {
      "version": "1.9.2",
      "resolved": "https://registry.npmjs.org/loglevel/-/loglevel-1.9.2.tgz",
      "integrity": "sha512-HgMmCqIJSAKqo68l0rS2AanEWfkxaZ5wNiEFb5ggm08lDs9Xl2KxBlX3PTcaD2chBM1gXAYf491/M2Rv8Jwayg==",
      "license": "MIT",
      "engines": {
        "node": ">= 0.6.0"
      },
      "funding": {
        "type": "tidelift",
        "url": "https://tidelift.com/funding/github/npm/loglevel"
      }
    },
    "node_modules/rxjs": {
      "version": "7.8.2",
      "resolved": "https://registry.npmjs.org/rxjs/-/rxjs-7.8.2.tgz",
      "integrity": "sha512-dhKf903U/PQZY6boNNtAGdWbG85WAbjT/1xYoZIC7FAY0yWapOBQVsVrDl58W86//e1VpMNBtRV4MaXfdMySFA==",
      "license": "Apache-2.0",
      "optional": true,
      "dependencies": {
        "tslib": "^2.1.0"
      }
    },
    "node_modules/sdp": {
      "version": "3.2.2",
      "resolved": "https://registry.npmjs.org/sdp/-/sdp-3.2.2.tgz",
      "integrity": "sha512-xZocWwfyp4hkbN4hLWxMjmv2Q8aNa9MhmOZ7L9aCZPT+dZsgRr6wZRrSYE3HTdyk/2pZKPSgqI7ns7Een1xMSA==",
      "license": "MIT"
    },
    "node_modules/sdp-transform": {
      "version": "2.15.0",
      "resolved": "https://registry.npmjs.org/sdp-transform/-/sdp-transform-2.15.0.tgz",
      "integrity": "sha512-KrOH82c/W+GYQ0LHqtr3caRpM3ITglq3ljGUIb8LTki7ByacJZ9z+piSGiwZDsRyhQbYBOBJgr2k6X4BZXi3Kw==",
      "license": "MIT",
      "bin": {
        "sdp-verify": "checker.js"
      }
    },
    "node_modules/three": {
      "version": "0.184.0",
      "resolved": "https://registry.npmjs.org/three/-/three-0.184.0.tgz",
      "integrity": "sha512-wtTRjG92pM5eUg/KuUnHsqSAlPM296brTOcLgMRqEeylYTh/CdtvKUvCyyCQTzFuStieWxvZb8mVTMvdPyUpxg==",
      "license": "MIT",
      "peer": true
    },
    "node_modules/tslib": {
      "version": "2.8.1",
      "resolved": "https://registry.npmjs.org/tslib/-/tslib-2.8.1.tgz",
      "integrity": "sha512-oJFu94HQb+KVduSUQL7wnpmqnfmLsOA/nAh6b6EH0wCEoK0/mPeXU6c3wKDV83MkOuHPRHtSXKKU99IBazS/2w==",
      "license": "0BSD"
    },
    "node_modules/typed-emitter": {
      "version": "2.1.0",
      "resolved": "https://registry.npmjs.org/typed-emitter/-/typed-emitter-2.1.0.tgz",
      "integrity": "sha512-g/KzbYKbH5C2vPkaXGu8DJlHrGKHLsM25Zg9WuC9pMGfuvT+X25tZQWo5fK1BjBm8+UrVE9LDCvaY0CQk+fXDA==",
      "license": "MIT",
      "optionalDependencies": {
        "rxjs": "*"
      }
    },
    "node_modules/webrtc-adapter": {
      "version": "9.0.5",
      "resolved": "https://registry.npmjs.org/webrtc-adapter/-/webrtc-adapter-9.0.5.tgz",
      "integrity": "sha512-U9vjByy/sK2OMXu5mmfuZFKTMIUQe34c0JXRO+oDrxJTsntdYT2iIFwYMOV7HhMTuktcZLGf2W1N/OcSf9ssWg==",
      "license": "BSD-3-Clause",
      "dependencies": {
        "sdp": "^3.2.0"
      },
      "engines": {
        "node": ">=6.0.0",
        "npm": ">=3.10.0"
      }
    },
    "packages/avatar-layer-browser": {
      "name": "@talking-agent/avatar-layer-browser",
      "dependencies": {
        "@pixiv/three-vrm": "^3.5.2",
        "three": "^0.184.0"
      }
    },
    "packages/room-layer": {
      "name": "@talking-agent/room-layer"
    },
    "packages/voice-layer-browser": {
      "name": "@talking-agent/voice-layer-browser"
    }
  }
}
